
Microsoft Visual Studio Solution File, Format Version 12.00
# Visual Studio Version 17
VisualStudioVersion = 17.1.32210.238
MinimumVisualStudioVersion = 10.0.40219.1
Project("{FAE04EC0-301F-11D3-BF4B-00C04F79EFBC}") = "LHScheduler", "LHScheduler.csproj", "{5B5DD708-E43E-4961-B01B-E0560BEEAA41}"
EndProject
Global
	GlobalSection(SolutionConfigurationPlatforms) = preSolution
		Debug|Any CPU = Debug|Any CPU
		Release|Any CPU = Release|Any CPU
	EndGlobalSection
	GlobalSection(ProjectConfigurationPlatforms) = postSolution
		{5B5DD708-E43E-4961-B01B-E0560BEEAA41}.Debug|Any CPU.ActiveCfg = Debug|Any CPU
		{5B5DD708-E43E-4961-B01B-E0560BEEAA41}.Debug|Any CPU.Build.0 = Debug|Any CPU
		{5B5DD708-E43E-4961-B01B-E0560BEEAA41}.Release|Any CPU.ActiveCfg = Release|Any CPU
		{5B5DD708-E43E-4961-B01B-E0560BEEAA41}.Release|Any CPU.Build.0 = Release|Any CPU
	EndGlobalSection
	GlobalSection(SolutionProperties) = preSolution
		HideSolutionNode = FALSE
	EndGlobalSection
	GlobalSection(ExtensibilityGlobals) = postSolution
		SolutionGuid = {2CE2C306-4A44-4B4D-BF2A-81862FBE5875}
	EndGlobalSection
EndGlobal
